
Microsoft Visual Studio Solution File, Format Version 12.00
# Visual Studio Version 17
VisualStudioVersion = 17.1.32328.378
MinimumVisualStudioVersion = 10.0.40219.1
Project("{FAE04EC0-301F-11D3-BF4B-00C04F79EFBC}") = "NFe.Integracao", "NFe.Integracao\NFe.Integracao.csproj", "{DD441D1C-1F4A-4631-AA72-015C4FA735D2}"
EndProject
Project("{FAE04EC0-301F-11D3-BF4B-00C04F79EFBC}") = "NFe.Danfe.Nativo", "NFe.Danfe.Nativo\NFe.Danfe.Nativo.csproj", "{BA27D218-484B-4F08-BAB9-38C02181BDED}"
EndProject
Project("{2150E333-8FDC-42A3-9474-1A3956D46DE8}") = "NFe", "NFe", "{F981A8AC-E660-492B-8BF3-CBF70B66E392}"
EndProject
Project("{2150E333-8FDC-42A3-9474-1A3956D46DE8}") = "Danfe", "Danfe", "{003B008B-F388-4FB5-A081-12C0FBA84B57}"
EndProject
Project("{2150E333-8FDC-42A3-9474-1A3956D46DE8}") = "_devTools", "_devTools", "{8842FA42-398D-4C33-B31E-47B264DADF71}"
EndProject
Project("{FAE04EC0-301F-11D3-BF4B-00C04F79EFBC}") = "Dev.VersaoAssemblies", "Dev.VersaoAssemblies\Dev.VersaoAssemblies.csproj", "{35429D4D-65DF-47F5-93BE-BFBF35FBBF3B}"
EndProject
Project("{9A19103F-16F7-4668-BE54-9A1E7A4F7556}") = "DFe.Classes", "DFe.Classes\DFe.Classes.csproj", "{A08CE194-9780-493D-A758-D5B3F44BD208}"
EndProject
Project("{9A19103F-16F7-4668-BE54-9A1E7A4F7556}") = "DFe.Utils", "DFe.Utils\DFe.Utils.csproj", "{97F3C222-FD10-488A-812B-E514C3A8863C}"
EndProject
Project("{9A19103F-16F7-4668-BE54-9A1E7A4F7556}") = "DFe.Wsdl", "DFe.Wsdl\DFe.Wsdl.csproj", "{55A376CA-056E-434E-B6E7-7227217C88D7}"
EndProject
Project("{9A19103F-16F7-4668-BE54-9A1E7A4F7556}") = "NFe.Classes", "NFe.Classes\NFe.Classes.csproj", "{075A79C1-B038-46A8-8895-0A9753273B31}"
EndProject
Project("{9A19103F-16F7-4668-BE54-9A1E7A4F7556}") = "NFe.Utils", "NFe.Utils\NFe.Utils.csproj", "{3E75202B-5AAD-4F07-98B5-46B106678CA7}"
EndProject
Project("{9A19103F-16F7-4668-BE54-9A1E7A4F7556}") = "NFe.Servicos", "NFe.Servicos\NFe.Servicos.csproj", "{DC9FAFBB-206C-4D34-A3F0-968CC95BF5BD}"
EndProject
Project("{9A19103F-16F7-4668-BE54-9A1E7A4F7556}") = "NFe.Danfe.Base", "NFe.Danfe.Base\NFe.Danfe.Base.csproj", "{7696CC7F-83B7-434A-9759-4FCACC2FD483}"
EndProject
Project("{9A19103F-16F7-4668-BE54-9A1E7A4F7556}") = "NFe.Danfe.Fast", "NFe.Danfe.Fast\NFe.Danfe.Fast.csproj", "{B2462A15-B00D-4E4F-98E6-F1F7470507E5}"
EndProject
Project("{9A19103F-16F7-4668-BE54-9A1E7A4F7556}") = "NFe.Wsdl", "NFe.Wsdl\NFe.Wsdl.csproj", "{23BA5FA7-8BD6-4AE1-9895-54F119DD15FA}"
EndProject
Project("{9A19103F-16F7-4668-BE54-9A1E7A4F7556}") = "NFe.Wsdl.Standard", "NFe.Wsdl.Standard\NFe.Wsdl.Standard.csproj", "{D60FC037-849E-454F-8BED-8B3B349B13D8}"
EndProject
Project("{D954291E-2A0B-460D-934E-DC6B0785DB48}") = "Shared.NFe.Wsdl", "Shared.NFe.Wsdl\Shared.NFe.Wsdl.shproj", "{148E0E11-3FE5-4BF7-A64F-B919A0A8D9BA}"
EndProject
Project("{9A19103F-16F7-4668-BE54-9A1E7A4F7556}") = "NFe.Danfe.OpenFast", "NFe.Danfe.OpenFast\NFe.Danfe.OpenFast.csproj", "{D256DE50-DEF8-4076-997D-CB599F9161D3}"
EndProject
Project("{D954291E-2A0B-460D-934E-DC6B0785DB48}") = "Shared.NFe.Danfe", "Shared.NFe.Danfe\Shared.NFe.Danfe.shproj", "{5794AB8A-FF29-4F55-ABC2-9AAFE333BD27}"
EndProject
Project("{9A19103F-16F7-4668-BE54-9A1E7A4F7556}") = "NFe.Danfe.Fast.Skia", "NFe.Danfe.Fast.Skia\NFe.Danfe.Fast.Skia.csproj", "{7F95E157-C567-451F-A250-9645BE3F9497}"
EndProject
Project("{FAE04EC0-301F-11D3-BF4B-00C04F79EFBC}") = "NFe.Danfe.Html", "NFe.Danfe.Html\NFe.Danfe.Html.csproj", "{3CDB91BD-EEF4-4808-83AC-E45B1FE7570C}"
EndProject
Project("{FAE04EC0-301F-11D3-BF4B-00C04F79EFBC}") = "NFe.Danfe.Html.New", "NFe.Danfe.Html.New\NFe.Danfe.Html.New.csproj", "{754149BD-C017-4E55-8966-3A88CC17BB7F}"
EndProject
Project("{FAE04EC0-301F-11D3-BF4B-00C04F79EFBC}") = "WebApp.NFe.Html", "WebApp.NFe.Html\WebApp.NFe.Html.csproj", "{BA2C5774-5931-4EB5-9A58-588CD708D6A4}"
EndProject
Global
	GlobalSection(SolutionConfigurationPlatforms) = preSolution
		Debug|Any CPU = Debug|Any CPU
		Debug|x86 = Debug|x86
		Release|Any CPU = Release|Any CPU
		Release|x86 = Release|x86
	EndGlobalSection
	GlobalSection(ProjectConfigurationPlatforms) = postSolution
		{DD441D1C-1F4A-4631-AA72-015C4FA735D2}.Debug|Any CPU.ActiveCfg = Debug|Any CPU
		{DD441D1C-1F4A-4631-AA72-015C4FA735D2}.Debug|Any CPU.Build.0 = Debug|Any CPU
		{DD441D1C-1F4A-4631-AA72-015C4FA735D2}.Debug|x86.ActiveCfg = Debug|Any CPU
		{DD441D1C-1F4A-4631-AA72-015C4FA735D2}.Debug|x86.Build.0 = Debug|Any CPU
		{DD441D1C-1F4A-4631-AA72-015C4FA735D2}.Release|Any CPU.ActiveCfg = Release|Any CPU
		{DD441D1C-1F4A-4631-AA72-015C4FA735D2}.Release|Any CPU.Build.0 = Release|Any CPU
		{DD441D1C-1F4A-4631-AA72-015C4FA735D2}.Release|x86.ActiveCfg = Release|Any CPU
		{DD441D1C-1F4A-4631-AA72-015C4FA735D2}.Release|x86.Build.0 = Release|Any CPU
		{BA27D218-484B-4F08-BAB9-38C02181BDED}.Debug|Any CPU.ActiveCfg = Debug|Any CPU
		{BA27D218-484B-4F08-BAB9-38C02181BDED}.Debug|Any CPU.Build.0 = Debug|Any CPU
		{BA27D218-484B-4F08-BAB9-38C02181BDED}.Debug|x86.ActiveCfg = Debug|Any CPU
		{BA27D218-484B-4F08-BAB9-38C02181BDED}.Debug|x86.Build.0 = Debug|Any CPU
		{BA27D218-484B-4F08-BAB9-38C02181BDED}.Release|Any CPU.ActiveCfg = Release|Any CPU
		{BA27D218-484B-4F08-BAB9-38C02181BDED}.Release|Any CPU.Build.0 = Release|Any CPU
		{BA27D218-484B-4F08-BAB9-38C02181BDED}.Release|x86.ActiveCfg = Release|Any CPU
		{BA27D218-484B-4F08-BAB9-38C02181BDED}.Release|x86.Build.0 = Release|Any CPU
		{35429D4D-65DF-47F5-93BE-BFBF35FBBF3B}.Debug|Any CPU.ActiveCfg = Debug|Any CPU
		{35429D4D-65DF-47F5-93BE-BFBF35FBBF3B}.Debug|Any CPU.Build.0 = Debug|Any CPU
		{35429D4D-65DF-47F5-93BE-BFBF35FBBF3B}.Debug|x86.ActiveCfg = Debug|x86
		{35429D4D-65DF-47F5-93BE-BFBF35FBBF3B}.Debug|x86.Build.0 = Debug|x86
		{35429D4D-65DF-47F5-93BE-BFBF35FBBF3B}.Release|Any CPU.ActiveCfg = Release|Any CPU
		{35429D4D-65DF-47F5-93BE-BFBF35FBBF3B}.Release|Any CPU.Build.0 = Release|Any CPU
		{35429D4D-65DF-47F5-93BE-BFBF35FBBF3B}.Release|x86.ActiveCfg = Release|x86
		{35429D4D-65DF-47F5-93BE-BFBF35FBBF3B}.Release|x86.Build.0 = Release|x86
		{A08CE194-9780-493D-A758-D5B3F44BD208}.Debug|Any CPU.ActiveCfg = Debug|Any CPU
		{A08CE194-9780-493D-A758-D5B3F44BD208}.Debug|Any CPU.Build.0 = Debug|Any CPU
		{A08CE194-9780-493D-A758-D5B3F44BD208}.Debug|x86.ActiveCfg = Debug|Any CPU
		{A08CE194-9780-493D-A758-D5B3F44BD208}.Debug|x86.Build.0 = Debug|Any CPU
		{A08CE194-9780-493D-A758-D5B3F44BD208}.Release|Any CPU.ActiveCfg = Release|Any CPU
		{A08CE194-9780-493D-A758-D5B3F44BD208}.Release|Any CPU.Build.0 = Release|Any CPU
		{A08CE194-9780-493D-A758-D5B3F44BD208}.Release|x86.ActiveCfg = Release|Any CPU
		{A08CE194-9780-493D-A758-D5B3F44BD208}.Release|x86.Build.0 = Release|Any CPU
		{97F3C222-FD10-488A-812B-E514C3A8863C}.Debug|Any CPU.ActiveCfg = Debug|Any CPU
		{97F3C222-FD10-488A-812B-E514C3A8863C}.Debug|Any CPU.Build.0 = Debug|Any CPU
		{97F3C222-FD10-488A-812B-E514C3A8863C}.Debug|x86.ActiveCfg = Debug|Any CPU
		{97F3C222-FD10-488A-812B-E514C3A8863C}.Debug|x86.Build.0 = Debug|Any CPU
		{97F3C222-FD10-488A-812B-E514C3A8863C}.Release|Any CPU.ActiveCfg = Release|Any CPU
		{97F3C222-FD10-488A-812B-E514C3A8863C}.Release|Any CPU.Build.0 = Release|Any CPU
		{97F3C222-FD10-488A-812B-E514C3A8863C}.Release|x86.ActiveCfg = Release|Any CPU
		{97F3C222-FD10-488A-812B-E514C3A8863C}.Release|x86.Build.0 = Release|Any CPU
		{55A376CA-056E-434E-B6E7-7227217C88D7}.Debug|Any CPU.ActiveCfg = Debug|Any CPU
		{55A376CA-056E-434E-B6E7-7227217C88D7}.Debug|Any CPU.Build.0 = Debug|Any CPU
		{55A376CA-056E-434E-B6E7-7227217C88D7}.Debug|x86.ActiveCfg = Debug|Any CPU
		{55A376CA-056E-434E-B6E7-7227217C88D7}.Debug|x86.Build.0 = Debug|Any CPU
		{55A376CA-056E-434E-B6E7-7227217C88D7}.Release|Any CPU.ActiveCfg = Release|Any CPU
		{55A376CA-056E-434E-B6E7-7227217C88D7}.Release|Any CPU.Build.0 = Release|Any CPU
		{55A376CA-056E-434E-B6E7-7227217C88D7}.Release|x86.ActiveCfg = Release|Any CPU
		{55A376CA-056E-434E-B6E7-7227217C88D7}.Release|x86.Build.0 = Release|Any CPU
		{075A79C1-B038-46A8-8895-0A9753273B31}.Debug|Any CPU.ActiveCfg = Debug|Any CPU
		{075A79C1-B038-46A8-8895-0A9753273B31}.Debug|Any CPU.Build.0 = Debug|Any CPU
		{075A79C1-B038-46A8-8895-0A9753273B31}.Debug|x86.ActiveCfg = Debug|Any CPU
		{075A79C1-B038-46A8-8895-0A9753273B31}.Debug|x86.Build.0 = Debug|Any CPU
		{075A79C1-B038-46A8-8895-0A9753273B31}.Release|Any CPU.ActiveCfg = Release|Any CPU
		{075A79C1-B038-46A8-8895-0A9753273B31}.Release|Any CPU.Build.0 = Release|Any CPU
		{075A79C1-B038-46A8-8895-0A9753273B31}.Release|x86.ActiveCfg = Release|Any CPU
		{075A79C1-B038-46A8-8895-0A9753273B31}.Release|x86.Build.0 = Release|Any CPU
		{3E75202B-5AAD-4F07-98B5-46B106678CA7}.Debug|Any CPU.ActiveCfg = Debug|Any CPU
		{3E75202B-5AAD-4F07-98B5-46B106678CA7}.Debug|Any CPU.Build.0 = Debug|Any CPU
		{3E75202B-5AAD-4F07-98B5-46B106678CA7}.Debug|x86.ActiveCfg = Debug|Any CPU
		{3E75202B-5AAD-4F07-98B5-46B106678CA7}.Debug|x86.Build.0 = Debug|Any CPU
		{3E75202B-5AAD-4F07-98B5-46B106678CA7}.Release|Any CPU.ActiveCfg = Release|Any CPU
		{3E75202B-5AAD-4F07-98B5-46B106678CA7}.Release|Any CPU.Build.0 = Release|Any CPU
		{3E75202B-5AAD-4F07-98B5-46B106678CA7}.Release|x86.ActiveCfg = Release|Any CPU
		{3E75202B-5AAD-4F07-98B5-46B106678CA7}.Release|x86.Build.0 = Release|Any CPU
		{DC9FAFBB-206C-4D34-A3F0-968CC95BF5BD}.Debug|Any CPU.ActiveCfg = Debug|Any CPU
		{DC9FAFBB-206C-4D34-A3F0-968CC95BF5BD}.Debug|Any CPU.Build.0 = Debug|Any CPU
		{DC9FAFBB-206C-4D34-A3F0-968CC95BF5BD}.Debug|x86.ActiveCfg = Debug|Any CPU
		{DC9FAFBB-206C-4D34-A3F0-968CC95BF5BD}.Debug|x86.Build.0 = Debug|Any CPU
		{DC9FAFBB-206C-4D34-A3F0-968CC95BF5BD}.Release|Any CPU.ActiveCfg = Release|Any CPU
		{DC9FAFBB-206C-4D34-A3F0-968CC95BF5BD}.Release|Any CPU.Build.0 = Release|Any CPU
		{DC9FAFBB-206C-4D34-A3F0-968CC95BF5BD}.Release|x86.ActiveCfg = Release|Any CPU
		{DC9FAFBB-206C-4D34-A3F0-968CC95BF5BD}.Release|x86.Build.0 = Release|Any CPU
		{7696CC7F-83B7-434A-9759-4FCACC2FD483}.Debug|Any CPU.ActiveCfg = Debug|Any CPU
		{7696CC7F-83B7-434A-9759-4FCACC2FD483}.Debug|Any CPU.Build.0 = Debug|Any CPU
		{7696CC7F-83B7-434A-9759-4FCACC2FD483}.Debug|x86.ActiveCfg = Debug|Any CPU
		{7696CC7F-83B7-434A-9759-4FCACC2FD483}.Debug|x86.Build.0 = Debug|Any CPU
		{7696CC7F-83B7-434A-9759-4FCACC2FD483}.Release|Any CPU.ActiveCfg = Release|Any CPU
		{7696CC7F-83B7-434A-9759-4FCACC2FD483}.Release|Any CPU.Build.0 = Release|Any CPU
		{7696CC7F-83B7-434A-9759-4FCACC2FD483}.Release|x86.ActiveCfg = Release|Any CPU
		{7696CC7F-83B7-434A-9759-4FCACC2FD483}.Release|x86.Build.0 = Release|Any CPU
		{B2462A15-B00D-4E4F-98E6-F1F7470507E5}.Debug|Any CPU.ActiveCfg = Debug|Any CPU
		{B2462A15-B00D-4E4F-98E6-F1F7470507E5}.Debug|Any CPU.Build.0 = Debug|Any CPU
		{B2462A15-B00D-4E4F-98E6-F1F7470507E5}.Debug|x86.ActiveCfg = Debug|Any CPU
		{B2462A15-B00D-4E4F-98E6-F1F7470507E5}.Debug|x86.Build.0 = Debug|Any CPU
		{B2462A15-B00D-4E4F-98E6-F1F7470507E5}.Release|Any CPU.ActiveCfg = Release|Any CPU
		{B2462A15-B00D-4E4F-98E6-F1F7470507E5}.Release|Any CPU.Build.0 = Release|Any CPU
		{B2462A15-B00D-4E4F-98E6-F1F7470507E5}.Release|x86.ActiveCfg = Release|Any CPU
		{B2462A15-B00D-4E4F-98E6-F1F7470507E5}.Release|x86.Build.0 = Release|Any CPU
		{23BA5FA7-8BD6-4AE1-9895-54F119DD15FA}.Debug|Any CPU.ActiveCfg = Debug|Any CPU
		{23BA5FA7-8BD6-4AE1-9895-54F119DD15FA}.Debug|Any CPU.Build.0 = Debug|Any CPU
		{23BA5FA7-8BD6-4AE1-9895-54F119DD15FA}.Debug|x86.ActiveCfg = Debug|Any CPU
		{23BA5FA7-8BD6-4AE1-9895-54F119DD15FA}.Debug|x86.Build.0 = Debug|Any CPU
		{23BA5FA7-8BD6-4AE1-9895-54F119DD15FA}.Release|Any CPU.ActiveCfg = Release|Any CPU
		{23BA5FA7-8BD6-4AE1-9895-54F119DD15FA}.Release|Any CPU.Build.0 = Release|Any CPU
		{23BA5FA7-8BD6-4AE1-9895-54F119DD15FA}.Release|x86.ActiveCfg = Release|Any CPU
		{23BA5FA7-8BD6-4AE1-9895-54F119DD15FA}.Release|x86.Build.0 = Release|Any CPU
		{D60FC037-849E-454F-8BED-8B3B349B13D8}.Debug|Any CPU.ActiveCfg = Debug|Any CPU
		{D60FC037-849E-454F-8BED-8B3B349B13D8}.Debug|Any CPU.Build.0 = Debug|Any CPU
		{D60FC037-849E-454F-8BED-8B3B349B13D8}.Debug|x86.ActiveCfg = Debug|Any CPU
		{D60FC037-849E-454F-8BED-8B3B349B13D8}.Debug|x86.Build.0 = Debug|Any CPU
		{D60FC037-849E-454F-8BED-8B3B349B13D8}.Release|Any CPU.ActiveCfg = Release|Any CPU
		{D60FC037-849E-454F-8BED-8B3B349B13D8}.Release|Any CPU.Build.0 = Release|Any CPU
		{D60FC037-849E-454F-8BED-8B3B349B13D8}.Release|x86.ActiveCfg = Release|Any CPU
		{D60FC037-849E-454F-8BED-8B3B349B13D8}.Release|x86.Build.0 = Release|Any CPU
		{D256DE50-DEF8-4076-997D-CB599F9161D3}.Debug|Any CPU.ActiveCfg = Debug|Any CPU
		{D256DE50-DEF8-4076-997D-CB599F9161D3}.Debug|Any CPU.Build.0 = Debug|Any CPU
		{D256DE50-DEF8-4076-997D-CB599F9161D3}.Debug|x86.ActiveCfg = Debug|Any CPU
		{D256DE50-DEF8-4076-997D-CB599F9161D3}.Debug|x86.Build.0 = Debug|Any CPU
		{D256DE50-DEF8-4076-997D-CB599F9161D3}.Release|Any CPU.ActiveCfg = Release|Any CPU
		{D256DE50-DEF8-4076-997D-CB599F9161D3}.Release|Any CPU.Build.0 = Release|Any CPU
		{D256DE50-DEF8-4076-997D-CB599F9161D3}.Release|x86.ActiveCfg = Release|Any CPU
		{D256DE50-DEF8-4076-997D-CB599F9161D3}.Release|x86.Build.0 = Release|Any CPU
		{7F95E157-C567-451F-A250-9645BE3F9497}.Debug|Any CPU.ActiveCfg = Debug|Any CPU
		{7F95E157-C567-451F-A250-9645BE3F9497}.Debug|Any CPU.Build.0 = Debug|Any CPU
		{7F95E157-C567-451F-A250-9645BE3F9497}.Debug|x86.ActiveCfg = Debug|Any CPU
		{7F95E157-C567-451F-A250-9645BE3F9497}.Debug|x86.Build.0 = Debug|Any CPU
		{7F95E157-C567-451F-A250-9645BE3F9497}.Release|Any CPU.ActiveCfg = Release|Any CPU
		{7F95E157-C567-451F-A250-9645BE3F9497}.Release|Any CPU.Build.0 = Release|Any CPU
		{7F95E157-C567-451F-A250-9645BE3F9497}.Release|x86.ActiveCfg = Release|Any CPU
		{7F95E157-C567-451F-A250-9645BE3F9497}.Release|x86.Build.0 = Release|Any CPU
		{3CDB91BD-EEF4-4808-83AC-E45B1FE7570C}.Debug|Any CPU.ActiveCfg = Debug|Any CPU
		{3CDB91BD-EEF4-4808-83AC-E45B1FE7570C}.Debug|Any CPU.Build.0 = Debug|Any CPU
		{3CDB91BD-EEF4-4808-83AC-E45B1FE7570C}.Debug|x86.ActiveCfg = Debug|Any CPU
		{3CDB91BD-EEF4-4808-83AC-E45B1FE7570C}.Debug|x86.Build.0 = Debug|Any CPU
		{3CDB91BD-EEF4-4808-83AC-E45B1FE7570C}.Release|Any CPU.ActiveCfg = Release|Any CPU
		{3CDB91BD-EEF4-4808-83AC-E45B1FE7570C}.Release|Any CPU.Build.0 = Release|Any CPU
		{3CDB91BD-EEF4-4808-83AC-E45B1FE7570C}.Release|x86.ActiveCfg = Release|Any CPU
		{3CDB91BD-EEF4-4808-83AC-E45B1FE7570C}.Release|x86.Build.0 = Release|Any CPU
		{754149BD-C017-4E55-8966-3A88CC17BB7F}.Debug|Any CPU.ActiveCfg = Debug|Any CPU
		{754149BD-C017-4E55-8966-3A88CC17BB7F}.Debug|Any CPU.Build.0 = Debug|Any CPU
		{754149BD-C017-4E55-8966-3A88CC17BB7F}.Debug|x86.ActiveCfg = Debug|Any CPU
		{754149BD-C017-4E55-8966-3A88CC17BB7F}.Debug|x86.Build.0 = Debug|Any CPU
		{754149BD-C017-4E55-8966-3A88CC17BB7F}.Release|Any CPU.ActiveCfg = Release|Any CPU
		{754149BD-C017-4E55-8966-3A88CC17BB7F}.Release|Any CPU.Build.0 = Release|Any CPU
		{754149BD-C017-4E55-8966-3A88CC17BB7F}.Release|x86.ActiveCfg = Release|Any CPU
		{754149BD-C017-4E55-8966-3A88CC17BB7F}.Release|x86.Build.0 = Release|Any CPU
		{BA2C5774-5931-4EB5-9A58-588CD708D6A4}.Debug|Any CPU.ActiveCfg = Debug|Any CPU
		{BA2C5774-5931-4EB5-9A58-588CD708D6A4}.Debug|Any CPU.Build.0 = Debug|Any CPU
		{BA2C5774-5931-4EB5-9A58-588CD708D6A4}.Debug|x86.ActiveCfg = Debug|Any CPU
		{BA2C5774-5931-4EB5-9A58-588CD708D6A4}.Debug|x86.Build.0 = Debug|Any CPU
		{BA2C5774-5931-4EB5-9A58-588CD708D6A4}.Release|Any CPU.ActiveCfg = Release|Any CPU
		{BA2C5774-5931-4EB5-9A58-588CD708D6A4}.Release|Any CPU.Build.0 = Release|Any CPU
		{BA2C5774-5931-4EB5-9A58-588CD708D6A4}.Release|x86.ActiveCfg = Release|Any CPU
		{BA2C5774-5931-4EB5-9A58-588CD708D6A4}.Release|x86.Build.0 = Release|Any CPU
	EndGlobalSection
	GlobalSection(SolutionProperties) = preSolution
		HideSolutionNode = FALSE
	EndGlobalSection
	GlobalSection(NestedProjects) = preSolution
		{DD441D1C-1F4A-4631-AA72-015C4FA735D2} = {F981A8AC-E660-492B-8BF3-CBF70B66E392}
		{BA27D218-484B-4F08-BAB9-38C02181BDED} = {003B008B-F388-4FB5-A081-12C0FBA84B57}
		{003B008B-F388-4FB5-A081-12C0FBA84B57} = {F981A8AC-E660-492B-8BF3-CBF70B66E392}
		{35429D4D-65DF-47F5-93BE-BFBF35FBBF3B} = {8842FA42-398D-4C33-B31E-47B264DADF71}
		{075A79C1-B038-46A8-8895-0A9753273B31} = {F981A8AC-E660-492B-8BF3-CBF70B66E392}
		{3E75202B-5AAD-4F07-98B5-46B106678CA7} = {F981A8AC-E660-492B-8BF3-CBF70B66E392}
		{DC9FAFBB-206C-4D34-A3F0-968CC95BF5BD} = {F981A8AC-E660-492B-8BF3-CBF70B66E392}
		{7696CC7F-83B7-434A-9759-4FCACC2FD483} = {003B008B-F388-4FB5-A081-12C0FBA84B57}
		{B2462A15-B00D-4E4F-98E6-F1F7470507E5} = {003B008B-F388-4FB5-A081-12C0FBA84B57}
		{23BA5FA7-8BD6-4AE1-9895-54F119DD15FA} = {F981A8AC-E660-492B-8BF3-CBF70B66E392}
		{D60FC037-849E-454F-8BED-8B3B349B13D8} = {F981A8AC-E660-492B-8BF3-CBF70B66E392}
		{148E0E11-3FE5-4BF7-A64F-B919A0A8D9BA} = {F981A8AC-E660-492B-8BF3-CBF70B66E392}
		{D256DE50-DEF8-4076-997D-CB599F9161D3} = {003B008B-F388-4FB5-A081-12C0FBA84B57}
		{5794AB8A-FF29-4F55-ABC2-9AAFE333BD27} = {003B008B-F388-4FB5-A081-12C0FBA84B57}
		{7F95E157-C567-451F-A250-9645BE3F9497} = {003B008B-F388-4FB5-A081-12C0FBA84B57}
		{3CDB91BD-EEF4-4808-83AC-E45B1FE7570C} = {003B008B-F388-4FB5-A081-12C0FBA84B57}
	EndGlobalSection
	GlobalSection(ExtensibilityGlobals) = postSolution
		SolutionGuid = {C8C4D9F7-EF86-49A2-83AF-13FA5D4E8DBB}
	EndGlobalSection
	GlobalSection(SharedMSBuildProjectFiles) = preSolution
		Shared.NFe.Wsdl\Shared.NFe.Wsdl.projitems*{148e0e11-3fe5-4bf7-a64f-b919a0a8d9ba}*SharedItemsImports = 13
		Shared.NFe.Wsdl\Shared.NFe.Wsdl.projitems*{23ba5fa7-8bd6-4ae1-9895-54f119dd15fa}*SharedItemsImports = 5
		Shared.NFe.Danfe\Shared.NFe.Danfe.projitems*{5794ab8a-ff29-4f55-abc2-9aafe333bd27}*SharedItemsImports = 13
		Shared.NFe.Danfe\Shared.NFe.Danfe.projitems*{7f95e157-c567-451f-a250-9645be3f9497}*SharedItemsImports = 5
		Shared.NFe.Danfe\Shared.NFe.Danfe.projitems*{b2462a15-b00d-4e4f-98e6-f1f7470507e5}*SharedItemsImports = 5
		Shared.NFe.Danfe\Shared.NFe.Danfe.projitems*{d256de50-def8-4076-997d-cb599f9161d3}*SharedItemsImports = 5
		Shared.NFe.Wsdl\Shared.NFe.Wsdl.projitems*{d60fc037-849e-454f-8bed-8b3b349b13d8}*SharedItemsImports = 5
	EndGlobalSection
EndGlobal
